
Microsoft Visual Studio Solution File, Format Version 12.00
# Visual Studio Version 17
VisualStudioVersion = 17.8.34525.116
MinimumVisualStudioVersion = 10.0.40219.1
Project("{FAE04EC0-301F-11D3-BF4B-00C04F79EFBC}") = "progetto_settimanaleS15L5", "progetto_settimanaleS15L5.csproj", "{40762317-CC0A-409F-9172-2ABB39B9E784}"
EndProject
Global
	GlobalSection(SolutionConfigurationPlatforms) = preSolution
		Debug|Any CPU = Debug|Any CPU
		Release|Any CPU = Release|Any CPU
	EndGlobalSection
	GlobalSection(ProjectConfigurationPlatforms) = postSolution
		{40762317-CC0A-409F-9172-2ABB39B9E784}.Debug|Any CPU.ActiveCfg = Debug|Any CPU
		{40762317-CC0A-409F-9172-2ABB39B9E784}.Debug|Any CPU.Build.0 = Debug|Any CPU
		{40762317-CC0A-409F-9172-2ABB39B9E784}.Release|Any CPU.ActiveCfg = Release|Any CPU
		{40762317-CC0A-409F-9172-2ABB39B9E784}.Release|Any CPU.Build.0 = Release|Any CPU
	EndGlobalSection
	GlobalSection(SolutionProperties) = preSolution
		HideSolutionNode = FALSE
	EndGlobalSection
	GlobalSection(ExtensibilityGlobals) = postSolution
		SolutionGuid = {8C4CD5A4-1AD9-491B-A906-38C6D45F2309}
	EndGlobalSection
EndGlobal
